
Microsoft Visual Studio Solution File, Format Version 12.00
# Visual Studio Version 17
VisualStudioVersion = 17.5.33516.290
MinimumVisualStudioVersion = 10.0.40219.1
Project("{9A19103F-16F7-4668-BE54-9A1E7A4F7556}") = "BIMBOX.Revit.Tuna", "ClassLibrary1\BIMBOX.Revit.Tuna.csproj", "{EAC0E730-2265-4036-8778-CEF86DF578D5}"
EndProject
Project("{9A19103F-16F7-4668-BE54-9A1E7A4F7556}") = "BIMBOX.Revit.Entity", "BIMBOX.Revit.Entity\BIMBOX.Revit.Entity.csproj", "{85F56290-7095-4002-BE5C-735EB482DA0D}"
EndProject
Project("{9A19103F-16F7-4668-BE54-9A1E7A4F7556}") = "Revit.Toolkit.Extension", "BIMBOX.Revit.Toolkits\Revit.Toolkit.Extension.csproj", "{C6255B33-A235-4E84-A0C6-E0760DFBFB45}"
EndProject
Project("{9A19103F-16F7-4668-BE54-9A1E7A4F7556}") = "BIMBOX.Revit.Toolkit.Mvvm", "BIMBOX.Revit.Toolkit.Mvvm\BIMBOX.Revit.Toolkit.Mvvm.csproj", "{17912BA0-EC55-4BDA-817D-20828070E609}"
EndProject
Global
	GlobalSection(SolutionConfigurationPlatforms) = preSolution
		Debug|Any CPU = Debug|Any CPU
		Release|Any CPU = Release|Any CPU
	EndGlobalSection
	GlobalSection(ProjectConfigurationPlatforms) = postSolution
		{EAC0E730-2265-4036-8778-CEF86DF578D5}.Debug|Any CPU.ActiveCfg = Debug|Any CPU
		{EAC0E730-2265-4036-8778-CEF86DF578D5}.Debug|Any CPU.Build.0 = Debug|Any CPU
		{EAC0E730-2265-4036-8778-CEF86DF578D5}.Release|Any CPU.ActiveCfg = Release|Any CPU
		{EAC0E730-2265-4036-8778-CEF86DF578D5}.Release|Any CPU.Build.0 = Release|Any CPU
		{85F56290-7095-4002-BE5C-735EB482DA0D}.Debug|Any CPU.ActiveCfg = Debug|Any CPU
		{85F56290-7095-4002-BE5C-735EB482DA0D}.Debug|Any CPU.Build.0 = Debug|Any CPU
		{85F56290-7095-4002-BE5C-735EB482DA0D}.Release|Any CPU.ActiveCfg = Release|Any CPU
		{85F56290-7095-4002-BE5C-735EB482DA0D}.Release|Any CPU.Build.0 = Release|Any CPU
		{C6255B33-A235-4E84-A0C6-E0760DFBFB45}.Debug|Any CPU.ActiveCfg = Debug|Any CPU
		{C6255B33-A235-4E84-A0C6-E0760DFBFB45}.Debug|Any CPU.Build.0 = Debug|Any CPU
		{C6255B33-A235-4E84-A0C6-E0760DFBFB45}.Release|Any CPU.ActiveCfg = Release|Any CPU
		{C6255B33-A235-4E84-A0C6-E0760DFBFB45}.Release|Any CPU.Build.0 = Release|Any CPU
		{17912BA0-EC55-4BDA-817D-20828070E609}.Debug|Any CPU.ActiveCfg = Debug|Any CPU
		{17912BA0-EC55-4BDA-817D-20828070E609}.Debug|Any CPU.Build.0 = Debug|Any CPU
		{17912BA0-EC55-4BDA-817D-20828070E609}.Release|Any CPU.ActiveCfg = Release|Any CPU
		{17912BA0-EC55-4BDA-817D-20828070E609}.Release|Any CPU.Build.0 = Release|Any CPU
	EndGlobalSection
	GlobalSection(SolutionProperties) = preSolution
		HideSolutionNode = FALSE
	EndGlobalSection
	GlobalSection(ExtensibilityGlobals) = postSolution
		SolutionGuid = {C19899EA-D5E4-403D-97F7-AF973E70510D}
	EndGlobalSection
EndGlobal
